// !$*UTF8*$!
{
	archiveVersion = 1;
	classes = {
	};
	objectVersion = 56;
	objects = {

/* Begin PBXBuildFile section */
		B917B5612C8F4C1500193955 /* CoreDataModel.xcdatamodeld in Sources */ = {isa = PBXBuildFile; fileRef = B917B55F2C8F4C1400193955 /* CoreDataModel.xcdatamodeld */; };
		B917B5642C8F501100193955 /* TimeCalcEntity+CoreDataClass.swift in Sources */ = {isa = PBXBuildFile; fileRef = B917B5622C8F501100193955 /* TimeCalcEntity+CoreDataClass.swift */; };
		B917B5652C8F501100193955 /* TimeCalcEntity+CoreDataProperties.swift in Sources */ = {isa = PBXBuildFile; fileRef = B917B5632C8F501100193955 /* TimeCalcEntity+CoreDataProperties.swift */; };
		B917B5672C8F509300193955 /* CoreDataRepository.swift in Sources */ = {isa = PBXBuildFile; fileRef = B917B5662C8F509300193955 /* CoreDataRepository.swift */; };
		B917B56A2CA43B0C00193955 /* TimeCalcTableViewCell.xib in Resources */ = {isa = PBXBuildFile; fileRef = B917B5692CA43B0C00193955 /* TimeCalcTableViewCell.xib */; };
		B917B56B2CA43B0C00193955 /* TimeCalcTableViewCell.swift in Sources */ = {isa = PBXBuildFile; fileRef = B917B5682CA43B0C00193955 /* TimeCalcTableViewCell.swift */; };
		B917B56D2CA43F6000193955 /* TimeCalcViewModel.swift in Sources */ = {isa = PBXBuildFile; fileRef = B917B56C2CA43F6000193955 /* TimeCalcViewModel.swift */; };
		B917B56F2CA44FE700193955 /* DateExtension.swift in Sources */ = {isa = PBXBuildFile; fileRef = B917B56E2CA44FE700193955 /* DateExtension.swift */; };
		B917B57A2CA7D65400193955 /* DiAppViewController.swift in Sources */ = {isa = PBXBuildFile; fileRef = B917B5792CA7D65400193955 /* DiAppViewController.swift */; };
		B917B5802CB542E400193955 /* WritingTableViewCell.xib in Resources */ = {isa = PBXBuildFile; fileRef = B917B57F2CB542E400193955 /* WritingTableViewCell.xib */; };
		B917B5812CB542E400193955 /* WritingTableViewCell.swift in Sources */ = {isa = PBXBuildFile; fileRef = B917B57E2CB542E400193955 /* WritingTableViewCell.swift */; };
		B917B5832CBD8BD300193955 /* InfomationPropertyUtil.swift in Sources */ = {isa = PBXBuildFile; fileRef = B917B5822CBD8BD300193955 /* InfomationPropertyUtil.swift */; };
		B917B5882CBEB0D700193955 /* InfoTypeTableViewCell.swift in Sources */ = {isa = PBXBuildFile; fileRef = B917B5862CBEB0D700193955 /* InfoTypeTableViewCell.swift */; };
		B917B5892CBEB0D700193955 /* InfoTypeTableViewCell.xib in Resources */ = {isa = PBXBuildFile; fileRef = B917B5872CBEB0D700193955 /* InfoTypeTableViewCell.xib */; };
		B917B58B2CC399DF00193955 /* UserDefault.swift in Sources */ = {isa = PBXBuildFile; fileRef = B917B58A2CC399DF00193955 /* UserDefault.swift */; };
		B917B58D2CC3D3A100193955 /* FirstLaunchViewModel.swift in Sources */ = {isa = PBXBuildFile; fileRef = B917B58C2CC3D3A100193955 /* FirstLaunchViewModel.swift */; };
		B917B5912CC3D5E000193955 /* FirstLaunchCollectionViewCell.xib in Resources */ = {isa = PBXBuildFile; fileRef = B917B5902CC3D5E000193955 /* FirstLaunchCollectionViewCell.xib */; };
		B917B5922CC3D5E000193955 /* FirstLaunchCollectionViewCell.swift in Sources */ = {isa = PBXBuildFile; fileRef = B917B58F2CC3D5E000193955 /* FirstLaunchCollectionViewCell.swift */; };
		B955AB1E2C82FE6D003F1383 /* AppDelegate.swift in Sources */ = {isa = PBXBuildFile; fileRef = B955AB1D2C82FE6D003F1383 /* AppDelegate.swift */; };
		B955AB202C82FE6D003F1383 /* SceneDelegate.swift in Sources */ = {isa = PBXBuildFile; fileRef = B955AB1F2C82FE6D003F1383 /* SceneDelegate.swift */; };
		B955AB222C82FE6D003F1383 /* FirstLaunchViewController.swift in Sources */ = {isa = PBXBuildFile; fileRef = B955AB212C82FE6D003F1383 /* FirstLaunchViewController.swift */; };
		B955AB252C82FE6D003F1383 /* Base in Resources */ = {isa = PBXBuildFile; fileRef = B955AB242C82FE6D003F1383 /* Base */; };
		B955AB272C82FE6D003F1383 /* Assets.xcassets in Resources */ = {isa = PBXBuildFile; fileRef = B955AB262C82FE6D003F1383 /* Assets.xcassets */; };
		B955AB2A2C82FE6D003F1383 /* Base in Resources */ = {isa = PBXBuildFile; fileRef = B955AB292C82FE6D003F1383 /* Base */; };
		B955AB352C82FE6E003F1383 /* DiAppTests.swift in Sources */ = {isa = PBXBuildFile; fileRef = B955AB342C82FE6E003F1383 /* DiAppTests.swift */; };
		B955AB3F2C82FE6E003F1383 /* DiAppUITests.swift in Sources */ = {isa = PBXBuildFile; fileRef = B955AB3E2C82FE6E003F1383 /* DiAppUITests.swift */; };
		B955AB412C82FE6E003F1383 /* DiAppUITestsLaunchTests.swift in Sources */ = {isa = PBXBuildFile; fileRef = B955AB402C82FE6E003F1383 /* DiAppUITestsLaunchTests.swift */; };
		B9B483C52C831C7B004E9FE8 /* Logger.swift in Sources */ = {isa = PBXBuildFile; fileRef = B9B483C42C831C7B004E9FE8 /* Logger.swift */; };
		B9B483C92C8323A5004E9FE8 /* TimeCalcViewController.swift in Sources */ = {isa = PBXBuildFile; fileRef = B9B483C82C8323A5004E9FE8 /* TimeCalcViewController.swift */; };
		B9B483CB2C8324CE004E9FE8 /* TimeCalcViewController.storyboard in Resources */ = {isa = PBXBuildFile; fileRef = B9B483CA2C8324CE004E9FE8 /* TimeCalcViewController.storyboard */; };
		B9FB3FE22C837DAE005188CA /* TimeCalcAddElementsCell.swift in Sources */ = {isa = PBXBuildFile; fileRef = B9FB3FE02C837DAE005188CA /* TimeCalcAddElementsCell.swift */; };
		B9FB3FE32C837DAE005188CA /* TimeCalcAddElementsCell.xib in Resources */ = {isa = PBXBuildFile; fileRef = B9FB3FE12C837DAE005188CA /* TimeCalcAddElementsCell.xib */; };
		B9FB3FE52C838C43005188CA /* TimeCalcInputViewController.storyboard in Resources */ = {isa = PBXBuildFile; fileRef = B9FB3FE42C838C43005188CA /* TimeCalcInputViewController.storyboard */; };
		B9FB3FE72C838CBA005188CA /* TimeCalcInputViewController.swift in Sources */ = {isa = PBXBuildFile; fileRef = B9FB3FE62C838CBA005188CA /* TimeCalcInputViewController.swift */; };
		B9FB3FEA2C840C60005188CA /* TimeCalcInputCell.swift in Sources */ = {isa = PBXBuildFile; fileRef = B9FB3FE82C840C60005188CA /* TimeCalcInputCell.swift */; };
		B9FB3FEB2C840C60005188CA /* TimeCalcInputCell.xib in Resources */ = {isa = PBXBuildFile; fileRef = B9FB3FE92C840C60005188CA /* TimeCalcInputCell.xib */; };
		B9FB3FEE2C8418F4005188CA /* TimeCalcInputViewModel.swift in Sources */ = {isa = PBXBuildFile; fileRef = B9FB3FED2C8418F4005188CA /* TimeCalcInputViewModel.swift */; };
/* End PBXBuildFile section */

/* Begin PBXContainerItemProxy section */
		B955AB312C82FE6E003F1383 /* PBXContainerItemProxy */ = {
			isa = PBXContainerItemProxy;
			containerPortal = B955AB122C82FE6D003F1383 /* Project object */;
			proxyType = 1;
			remoteGlobalIDString = B955AB192C82FE6D003F1383;
			remoteInfo = DiApp;
		};
		B955AB3B2C82FE6E003F1383 /* PBXContainerItemProxy */ = {
			isa = PBXContainerItemProxy;
			containerPortal = B955AB122C82FE6D003F1383 /* Project object */;
			proxyType = 1;
			remoteGlobalIDString = B955AB192C82FE6D003F1383;
			remoteInfo = DiApp;
		};
/* End PBXContainerItemProxy section */

/* Begin PBXFileReference section */
		B917B5602C8F4C1400193955 /* CoreDataModel.xcdatamodel */ = {isa = PBXFileReference; lastKnownFileType = wrapper.xcdatamodel; path = CoreDataModel.xcdatamodel; sourceTree = "<group>"; };
		B917B5622C8F501100193955 /* TimeCalcEntity+CoreDataClass.swift */ = {isa = PBXFileReference; lastKnownFileType = sourcecode.swift; path = "TimeCalcEntity+CoreDataClass.swift"; sourceTree = "<group>"; };
		B917B5632C8F501100193955 /* TimeCalcEntity+CoreDataProperties.swift */ = {isa = PBXFileReference; lastKnownFileType = sourcecode.swift; path = "TimeCalcEntity+CoreDataProperties.swift"; sourceTree = "<group>"; };
		B917B5662C8F509300193955 /* CoreDataRepository.swift */ = {isa = PBXFileReference; lastKnownFileType = sourcecode.swift; path = CoreDataRepository.swift; sourceTree = "<group>"; };
		B917B5682CA43B0C00193955 /* TimeCalcTableViewCell.swift */ = {isa = PBXFileReference; lastKnownFileType = sourcecode.swift; path = TimeCalcTableViewCell.swift; sourceTree = "<group>"; };
		B917B5692CA43B0C00193955 /* TimeCalcTableViewCell.xib */ = {isa = PBXFileReference; lastKnownFileType = file.xib; path = TimeCalcTableViewCell.xib; sourceTree = "<group>"; };
		B917B56C2CA43F6000193955 /* TimeCalcViewModel.swift */ = {isa = PBXFileReference; lastKnownFileType = sourcecode.swift; path = TimeCalcViewModel.swift; sourceTree = "<group>"; };
		B917B56E2CA44FE700193955 /* DateExtension.swift */ = {isa = PBXFileReference; lastKnownFileType = sourcecode.swift; path = DateExtension.swift; sourceTree = "<group>"; };
		B917B5792CA7D65400193955 /* DiAppViewController.swift */ = {isa = PBXFileReference; lastKnownFileType = sourcecode.swift; path = DiAppViewController.swift; sourceTree = "<group>"; };
		B917B57D2CA80F1D00193955 /* CoreDataModel 2.xcdatamodel */ = {isa = PBXFileReference; lastKnownFileType = wrapper.xcdatamodel; path = "CoreDataModel 2.xcdatamodel"; sourceTree = "<group>"; };
		B917B57E2CB542E400193955 /* WritingTableViewCell.swift */ = {isa = PBXFileReference; lastKnownFileType = sourcecode.swift; path = WritingTableViewCell.swift; sourceTree = "<group>"; };
		B917B57F2CB542E400193955 /* WritingTableViewCell.xib */ = {isa = PBXFileReference; lastKnownFileType = file.xib; path = WritingTableViewCell.xib; sourceTree = "<group>"; };
		B917B5822CBD8BD300193955 /* InfomationPropertyUtil.swift */ = {isa = PBXFileReference; lastKnownFileType = sourcecode.swift; path = InfomationPropertyUtil.swift; sourceTree = "<group>"; };
		B917B5862CBEB0D700193955 /* InfoTypeTableViewCell.swift */ = {isa = PBXFileReference; lastKnownFileType = sourcecode.swift; path = InfoTypeTableViewCell.swift; sourceTree = "<group>"; };
		B917B5872CBEB0D700193955 /* InfoTypeTableViewCell.xib */ = {isa = PBXFileReference; lastKnownFileType = file.xib; path = InfoTypeTableViewCell.xib; sourceTree = "<group>"; };
		B917B58A2CC399DF00193955 /* UserDefault.swift */ = {isa = PBXFileReference; lastKnownFileType = sourcecode.swift; path = UserDefault.swift; sourceTree = "<group>"; };
		B917B58C2CC3D3A100193955 /* FirstLaunchViewModel.swift */ = {isa = PBXFileReference; lastKnownFileType = sourcecode.swift; path = FirstLaunchViewModel.swift; sourceTree = "<group>"; };
		B917B58F2CC3D5E000193955 /* FirstLaunchCollectionViewCell.swift */ = {isa = PBXFileReference; lastKnownFileType = sourcecode.swift; path = FirstLaunchCollectionViewCell.swift; sourceTree = "<group>"; };
		B917B5902CC3D5E000193955 /* FirstLaunchCollectionViewCell.xib */ = {isa = PBXFileReference; lastKnownFileType = file.xib; path = FirstLaunchCollectionViewCell.xib; sourceTree = "<group>"; };
		B955AB1A2C82FE6D003F1383 /* DiApp.app */ = {isa = PBXFileReference; explicitFileType = wrapper.application; includeInIndex = 0; path = DiApp.app; sourceTree = BUILT_PRODUCTS_DIR; };
		B955AB1D2C82FE6D003F1383 /* AppDelegate.swift */ = {isa = PBXFileReference; lastKnownFileType = sourcecode.swift; path = AppDelegate.swift; sourceTree = "<group>"; };
		B955AB1F2C82FE6D003F1383 /* SceneDelegate.swift */ = {isa = PBXFileReference; lastKnownFileType = sourcecode.swift; path = SceneDelegate.swift; sourceTree = "<group>"; };
		B955AB212C82FE6D003F1383 /* FirstLaunchViewController.swift */ = {isa = PBXFileReference; lastKnownFileType = sourcecode.swift; path = FirstLaunchViewController.swift; sourceTree = "<group>"; };
		B955AB242C82FE6D003F1383 /* Base */ = {isa = PBXFileReference; lastKnownFileType = file.storyboard; name = Base; path = Base.lproj/FirstLaunch.storyboard; sourceTree = "<group>"; };
		B955AB262C82FE6D003F1383 /* Assets.xcassets */ = {isa = PBXFileReference; lastKnownFileType = folder.assetcatalog; path = Assets.xcassets; sourceTree = "<group>"; };
		B955AB292C82FE6D003F1383 /* Base */ = {isa = PBXFileReference; lastKnownFileType = file.storyboard; name = Base; path = Base.lproj/LaunchScreen.storyboard; sourceTree = "<group>"; };
		B955AB2B2C82FE6D003F1383 /* Info.plist */ = {isa = PBXFileReference; lastKnownFileType = text.plist.xml; path = Info.plist; sourceTree = "<group>"; };
		B955AB302C82FE6E003F1383 /* DiAppTests.xctest */ = {isa = PBXFileReference; explicitFileType = wrapper.cfbundle; includeInIndex = 0; path = DiAppTests.xctest; sourceTree = BUILT_PRODUCTS_DIR; };
		B955AB342C82FE6E003F1383 /* DiAppTests.swift */ = {isa = PBXFileReference; lastKnownFileType = sourcecode.swift; path = DiAppTests.swift; sourceTree = "<group>"; };
		B955AB3A2C82FE6E003F1383 /* DiAppUITests.xctest */ = {isa = PBXFileReference; explicitFileType = wrapper.cfbundle; includeInIndex = 0; path = DiAppUITests.xctest; sourceTree = BUILT_PRODUCTS_DIR; };
		B955AB3E2C82FE6E003F1383 /* DiAppUITests.swift */ = {isa = PBXFileReference; lastKnownFileType = sourcecode.swift; path = DiAppUITests.swift; sourceTree = "<group>"; };
		B955AB402C82FE6E003F1383 /* DiAppUITestsLaunchTests.swift */ = {isa = PBXFileReference; lastKnownFileType = sourcecode.swift; path = DiAppUITestsLaunchTests.swift; sourceTree = "<group>"; };
		B9B483C42C831C7B004E9FE8 /* Logger.swift */ = {isa = PBXFileReference; lastKnownFileType = sourcecode.swift; path = Logger.swift; sourceTree = "<group>"; };
		B9B483C82C8323A5004E9FE8 /* TimeCalcViewController.swift */ = {isa = PBXFileReference; lastKnownFileType = sourcecode.swift; path = TimeCalcViewController.swift; sourceTree = "<group>"; };
		B9B483CA2C8324CE004E9FE8 /* TimeCalcViewController.storyboard */ = {isa = PBXFileReference; lastKnownFileType = file.storyboard; path = TimeCalcViewController.storyboard; sourceTree = "<group>"; };
		B9FB3FE02C837DAE005188CA /* TimeCalcAddElementsCell.swift */ = {isa = PBXFileReference; lastKnownFileType = sourcecode.swift; path = TimeCalcAddElementsCell.swift; sourceTree = "<group>"; };
		B9FB3FE12C837DAE005188CA /* TimeCalcAddElementsCell.xib */ = {isa = PBXFileReference; lastKnownFileType = file.xib; path = TimeCalcAddElementsCell.xib; sourceTree = "<group>"; };
		B9FB3FE42C838C43005188CA /* TimeCalcInputViewController.storyboard */ = {isa = PBXFileReference; lastKnownFileType = file.storyboard; path = TimeCalcInputViewController.storyboard; sourceTree = "<group>"; };
		B9FB3FE62C838CBA005188CA /* TimeCalcInputViewController.swift */ = {isa = PBXFileReference; lastKnownFileType = sourcecode.swift; path = TimeCalcInputViewController.swift; sourceTree = "<group>"; };
		B9FB3FE82C840C60005188CA /* TimeCalcInputCell.swift */ = {isa = PBXFileReference; lastKnownFileType = sourcecode.swift; path = TimeCalcInputCell.swift; sourceTree = "<group>"; };
		B9FB3FE92C840C60005188CA /* TimeCalcInputCell.xib */ = {isa = PBXFileReference; lastKnownFileType = file.xib; path = TimeCalcInputCell.xib; sourceTree = "<group>"; };
		B9FB3FED2C8418F4005188CA /* TimeCalcInputViewModel.swift */ = {isa = PBXFileReference; lastKnownFileType = sourcecode.swift; path = TimeCalcInputViewModel.swift; sourceTree = "<group>"; };
/* End PBXFileReference section */

/* Begin PBXFrameworksBuildPhase section */
		B955AB172C82FE6D003F1383 /* Frameworks */ = {
			isa = PBXFrameworksBuildPhase;
			buildActionMask = 2147483647;
			files = (
			);
			runOnlyForDeploymentPostprocessing = 0;
		};
		B955AB2D2C82FE6E003F1383 /* Frameworks */ = {
			isa = PBXFrameworksBuildPhase;
			buildActionMask = 2147483647;
			files = (
			);
			runOnlyForDeploymentPostprocessing = 0;
		};
		B955AB372C82FE6E003F1383 /* Frameworks */ = {
			isa = PBXFrameworksBuildPhase;
			buildActionMask = 2147483647;
			files = (
			);
			runOnlyForDeploymentPostprocessing = 0;
		};
/* End PBXFrameworksBuildPhase section */

/* Begin PBXGroup section */
		B905F7932CC3EC9A0060E2B7 /* ViewModel */ = {
			isa = PBXGroup;
			children = (
				B917B56C2CA43F6000193955 /* TimeCalcViewModel.swift */,
				B9FB3FED2C8418F4005188CA /* TimeCalcInputViewModel.swift */,
			);
			name = ViewModel;
			path = ../FirstLaunch/ViewModel;
			sourceTree = "<group>";
		};
		B917B5702CA7D0E600193955 /* Extentions */ = {
			isa = PBXGroup;
			children = (
				B917B56E2CA44FE700193955 /* DateExtension.swift */,
				B917B5792CA7D65400193955 /* DiAppViewController.swift */,
			);
			path = Extentions;
			sourceTree = "<group>";
		};
		B917B58E2CC3D57800193955 /* FirstLaunch */ = {
			isa = PBXGroup;
			children = (
				B98659672CC3ECEF00C878DE /* Views */,
				B98659662CC3ECB800C878DE /* ViewModel */,
				B98659682CC3ED4900C878DE /* ViewController */,
			);
			path = FirstLaunch;
			sourceTree = "<group>";
		};
		B955AB112C82FE6D003F1383 = {
			isa = PBXGroup;
			children = (
				B917B5622C8F501100193955 /* TimeCalcEntity+CoreDataClass.swift */,
				B917B5632C8F501100193955 /* TimeCalcEntity+CoreDataProperties.swift */,
				B917B55F2C8F4C1400193955 /* CoreDataModel.xcdatamodeld */,
				B955AB1C2C82FE6D003F1383 /* DiApp */,
				B955AB332C82FE6E003F1383 /* DiAppTests */,
				B955AB3D2C82FE6E003F1383 /* DiAppUITests */,
				B955AB1B2C82FE6D003F1383 /* Products */,
			);
			sourceTree = "<group>";
		};
		B955AB1B2C82FE6D003F1383 /* Products */ = {
			isa = PBXGroup;
			children = (
				B955AB1A2C82FE6D003F1383 /* DiApp.app */,
				B955AB302C82FE6E003F1383 /* DiAppTests.xctest */,
				B955AB3A2C82FE6E003F1383 /* DiAppUITests.xctest */,
			);
			name = Products;
			sourceTree = "<group>";
		};
		B955AB1C2C82FE6D003F1383 /* DiApp */ = {
			isa = PBXGroup;
			children = (
				B917B58E2CC3D57800193955 /* FirstLaunch */,
				B9FB3FDC2C837CA6005188CA /* TimeCalc */,
				B917B5702CA7D0E600193955 /* Extentions */,
				B9B483C32C831898004E9FE8 /* Utils */,
				B955AB1D2C82FE6D003F1383 /* AppDelegate.swift */,
				B955AB1F2C82FE6D003F1383 /* SceneDelegate.swift */,
				B955AB262C82FE6D003F1383 /* Assets.xcassets */,
				B955AB282C82FE6D003F1383 /* LaunchScreen.storyboard */,
				B955AB2B2C82FE6D003F1383 /* Info.plist */,
			);
			path = DiApp;
			sourceTree = "<group>";
		};
		B955AB332C82FE6E003F1383 /* DiAppTests */ = {
			isa = PBXGroup;
			children = (
				B955AB342C82FE6E003F1383 /* DiAppTests.swift */,
			);
			path = DiAppTests;
			sourceTree = "<group>";
		};
		B955AB3D2C82FE6E003F1383 /* DiAppUITests */ = {
			isa = PBXGroup;
			children = (
				B955AB3E2C82FE6E003F1383 /* DiAppUITests.swift */,
				B955AB402C82FE6E003F1383 /* DiAppUITestsLaunchTests.swift */,
			);
			path = DiAppUITests;
			sourceTree = "<group>";
		};
		B98659662CC3ECB800C878DE /* ViewModel */ = {
			isa = PBXGroup;
			children = (
				B917B58C2CC3D3A100193955 /* FirstLaunchViewModel.swift */,
			);
			name = ViewModel;
			path = ../TimeCalc/ViewModel/ViewModel;
			sourceTree = "<group>";
		};
		B98659672CC3ECEF00C878DE /* Views */ = {
			isa = PBXGroup;
			children = (
				B917B58F2CC3D5E000193955 /* FirstLaunchCollectionViewCell.swift */,
				B917B5902CC3D5E000193955 /* FirstLaunchCollectionViewCell.xib */,
			);
			path = Views;
			sourceTree = "<group>";
		};
		B98659682CC3ED4900C878DE /* ViewController */ = {
			isa = PBXGroup;
			children = (
				B955AB212C82FE6D003F1383 /* FirstLaunchViewController.swift */,
				B955AB232C82FE6D003F1383 /* FirstLaunch.storyboard */,
			);
			path = ViewController;
			sourceTree = "<group>";
		};
		B9B483C32C831898004E9FE8 /* Utils */ = {
			isa = PBXGroup;
			children = (
				B9B483C42C831C7B004E9FE8 /* Logger.swift */,
				B917B5662C8F509300193955 /* CoreDataRepository.swift */,
				B917B5822CBD8BD300193955 /* InfomationPropertyUtil.swift */,
				B917B58A2CC399DF00193955 /* UserDefault.swift */,
			);
			path = Utils;
			sourceTree = "<group>";
		};
		B9B483C72C8322C7004E9FE8 /* ViewController */ = {
			isa = PBXGroup;
			children = (
				B9B483C82C8323A5004E9FE8 /* TimeCalcViewController.swift */,
				B9B483CA2C8324CE004E9FE8 /* TimeCalcViewController.storyboard */,
				B9FB3FE62C838CBA005188CA /* TimeCalcInputViewController.swift */,
				B9FB3FE42C838C43005188CA /* TimeCalcInputViewController.storyboard */,
			);
			path = ViewController;
			sourceTree = "<group>";
		};
		B9FB3FDC2C837CA6005188CA /* TimeCalc */ = {
			isa = PBXGroup;
			children = (
				B9FB3FDD2C837CAE005188CA /* Views */,
				B905F7932CC3EC9A0060E2B7 /* ViewModel */,
				B9B483C72C8322C7004E9FE8 /* ViewController */,
			);
			path = TimeCalc;
			sourceTree = "<group>";
		};
		B9FB3FDD2C837CAE005188CA /* Views */ = {
			isa = PBXGroup;
			children = (
				B9FB3FE02C837DAE005188CA /* TimeCalcAddElementsCell.swift */,
				B9FB3FE12C837DAE005188CA /* TimeCalcAddElementsCell.xib */,
				B9FB3FE82C840C60005188CA /* TimeCalcInputCell.swift */,
				B9FB3FE92C840C60005188CA /* TimeCalcInputCell.xib */,
				B917B5682CA43B0C00193955 /* TimeCalcTableViewCell.swift */,
				B917B5692CA43B0C00193955 /* TimeCalcTableViewCell.xib */,
				B917B57E2CB542E400193955 /* WritingTableViewCell.swift */,
				B917B57F2CB542E400193955 /* WritingTableViewCell.xib */,
				B917B5862CBEB0D700193955 /* InfoTypeTableViewCell.swift */,
				B917B5872CBEB0D700193955 /* InfoTypeTableViewCell.xib */,
			);
			path = Views;
			sourceTree = "<group>";
		};
/* End PBXGroup section */

/* Begin PBXNativeTarget section */
		B955AB192C82FE6D003F1383 /* DiApp */ = {
			isa = PBXNativeTarget;
			buildConfigurationList = B955AB442C82FE6E003F1383 /* Build configuration list for PBXNativeTarget "DiApp" */;
			buildPhases = (
				B955AB162C82FE6D003F1383 /* Sources */,
				B955AB172C82FE6D003F1383 /* Frameworks */,
				B955AB182C82FE6D003F1383 /* Resources */,
			);
			buildRules = (
			);
			dependencies = (
			);
			name = DiApp;
			productName = DiApp;
			productReference = B955AB1A2C82FE6D003F1383 /* DiApp.app */;
			productType = "com.apple.product-type.application";
		};
		B955AB2F2C82FE6E003F1383 /* DiAppTests */ = {
			isa = PBXNativeTarget;
			buildConfigurationList = B955AB472C82FE6E003F1383 /* Build configuration list for PBXNativeTarget "DiAppTests" */;
			buildPhases = (
				B955AB2C2C82FE6E003F1383 /* Sources */,
				B955AB2D2C82FE6E003F1383 /* Frameworks */,
				B955AB2E2C82FE6E003F1383 /* Resources */,
			);
			buildRules = (
			);
			dependencies = (
				B955AB322C82FE6E003F1383 /* PBXTargetDependency */,
			);
			name = DiAppTests;
			productName = DiAppTests;
			productReference = B955AB302C82FE6E003F1383 /* DiAppTests.xctest */;
			productType = "com.apple.product-type.bundle.unit-test";
		};
		B955AB392C82FE6E003F1383 /* DiAppUITests */ = {
			isa = PBXNativeTarget;
			buildConfigurationList = B955AB4A2C82FE6E003F1383 /* Build configuration list for PBXNativeTarget "DiAppUITests" */;
			buildPhases = (
				B955AB362C82FE6E003F1383 /* Sources */,
				B955AB372C82FE6E003F1383 /* Frameworks */,
				B955AB382C82FE6E003F1383 /* Resources */,
			);
			buildRules = (
			);
			dependencies = (
				B955AB3C2C82FE6E003F1383 /* PBXTargetDependency */,
			);
			name = DiAppUITests;
			productName = DiAppUITests;
			productReference = B955AB3A2C82FE6E003F1383 /* DiAppUITests.xctest */;
			productType = "com.apple.product-type.bundle.ui-testing";
		};
/* End PBXNativeTarget section */

/* Begin PBXProject section */
		B955AB122C82FE6D003F1383 /* Project object */ = {
			isa = PBXProject;
			attributes = {
				BuildIndependentTargetsInParallel = 1;
				LastSwiftUpdateCheck = 1530;
				LastUpgradeCheck = 1530;
				TargetAttributes = {
					B955AB192C82FE6D003F1383 = {
						CreatedOnToolsVersion = 15.3;
					};
					B955AB2F2C82FE6E003F1383 = {
						CreatedOnToolsVersion = 15.3;
						TestTargetID = B955AB192C82FE6D003F1383;
					};
					B955AB392C82FE6E003F1383 = {
						CreatedOnToolsVersion = 15.3;
						TestTargetID = B955AB192C82FE6D003F1383;
					};
				};
			};
			buildConfigurationList = B955AB152C82FE6D003F1383 /* Build configuration list for PBXProject "DiApp" */;
			compatibilityVersion = "Xcode 14.0";
			developmentRegion = en;
			hasScannedForEncodings = 0;
			knownRegions = (
				en,
				Base,
			);
			mainGroup = B955AB112C82FE6D003F1383;
			productRefGroup = B955AB1B2C82FE6D003F1383 /* Products */;
			projectDirPath = "";
			projectRoot = "";
			targets = (
				B955AB192C82FE6D003F1383 /* DiApp */,
				B955AB2F2C82FE6E003F1383 /* DiAppTests */,
				B955AB392C82FE6E003F1383 /* DiAppUITests */,
			);
		};
/* End PBXProject section */

/* Begin PBXResourcesBuildPhase section */
		B955AB182C82FE6D003F1383 /* Resources */ = {
			isa = PBXResourcesBuildPhase;
			buildActionMask = 2147483647;
			files = (
				B9B483CB2C8324CE004E9FE8 /* TimeCalcViewController.storyboard in Resources */,
				B917B5892CBEB0D700193955 /* InfoTypeTableViewCell.xib in Resources */,
				B9FB3FEB2C840C60005188CA /* TimeCalcInputCell.xib in Resources */,
				B9FB3FE32C837DAE005188CA /* TimeCalcAddElementsCell.xib in Resources */,
				B917B5802CB542E400193955 /* WritingTableViewCell.xib in Resources */,
				B955AB272C82FE6D003F1383 /* Assets.xcassets in Resources */,
				B9FB3FE52C838C43005188CA /* TimeCalcInputViewController.storyboard in Resources */,
				B955AB2A2C82FE6D003F1383 /* Base in Resources */,
				B955AB252C82FE6D003F1383 /* Base in Resources */,
				B917B56A2CA43B0C00193955 /* TimeCalcTableViewCell.xib in Resources */,
				B917B5912CC3D5E000193955 /* FirstLaunchCollectionViewCell.xib in Resources */,
			);
			runOnlyForDeploymentPostprocessing = 0;
		};
		B955AB2E2C82FE6E003F1383 /* Resources */ = {
			isa = PBXResourcesBuildPhase;
			buildActionMask = 2147483647;
			files = (
			);
			runOnlyForDeploymentPostprocessing = 0;
		};
		B955AB382C82FE6E003F1383 /* Resources */ = {
			isa = PBXResourcesBuildPhase;
			buildActionMask = 2147483647;
			files = (
			);
			runOnlyForDeploymentPostprocessing = 0;
		};
/* End PBXResourcesBuildPhase section */

/* Begin PBXSourcesBuildPhase section */
		B955AB162C82FE6D003F1383 /* Sources */ = {
			isa = PBXSourcesBuildPhase;
			buildActionMask = 2147483647;
			files = (
				B917B58D2CC3D3A100193955 /* FirstLaunchViewModel.swift in Sources */,
				B955AB222C82FE6D003F1383 /* FirstLaunchViewController.swift in Sources */,
				B917B56D2CA43F6000193955 /* TimeCalcViewModel.swift in Sources */,
				B917B5812CB542E400193955 /* WritingTableViewCell.swift in Sources */,
				B917B5882CBEB0D700193955 /* InfoTypeTableViewCell.swift in Sources */,
				B955AB1E2C82FE6D003F1383 /* AppDelegate.swift in Sources */,
				B917B58B2CC399DF00193955 /* UserDefault.swift in Sources */,
				B9FB3FE22C837DAE005188CA /* TimeCalcAddElementsCell.swift in Sources */,
				B955AB202C82FE6D003F1383 /* SceneDelegate.swift in Sources */,
				B917B57A2CA7D65400193955 /* DiAppViewController.swift in Sources */,
				B917B5612C8F4C1500193955 /* CoreDataModel.xcdatamodeld in Sources */,
				B917B56B2CA43B0C00193955 /* TimeCalcTableViewCell.swift in Sources */,
				B9FB3FEA2C840C60005188CA /* TimeCalcInputCell.swift in Sources */,
				B917B5642C8F501100193955 /* TimeCalcEntity+CoreDataClass.swift in Sources */,
				B917B56F2CA44FE700193955 /* DateExtension.swift in Sources */,
				B917B5652C8F501100193955 /* TimeCalcEntity+CoreDataProperties.swift in Sources */,
				B917B5672C8F509300193955 /* CoreDataRepository.swift in Sources */,
				B9B483C52C831C7B004E9FE8 /* Logger.swift in Sources */,
				B917B5832CBD8BD300193955 /* InfomationPropertyUtil.swift in Sources */,
				B917B5922CC3D5E000193955 /* FirstLaunchCollectionViewCell.swift in Sources */,
				B9FB3FE72C838CBA005188CA /* TimeCalcInputViewController.swift in Sources */,
				B9FB3FEE2C8418F4005188CA /* TimeCalcInputViewModel.swift in Sources */,
				B9B483C92C8323A5004E9FE8 /* TimeCalcViewController.swift in Sources */,
			);
			runOnlyForDeploymentPostprocessing = 0;
		};
		B955AB2C2C82FE6E003F1383 /* Sources */ = {
			isa = PBXSourcesBuildPhase;
			buildActionMask = 2147483647;
			files = (
				B955AB352C82FE6E003F1383 /* DiAppTests.swift in Sources */,
			);
			runOnlyForDeploymentPostprocessing = 0;
		};
		B955AB362C82FE6E003F1383 /* Sources */ = {
			isa = PBXSourcesBuildPhase;
			buildActionMask = 2147483647;
			files = (
				B955AB3F2C82FE6E003F1383 /* DiAppUITests.swift in Sources */,
				B955AB412C82FE6E003F1383 /* DiAppUITestsLaunchTests.swift in Sources */,
			);
			runOnlyForDeploymentPostprocessing = 0;
		};
/* End PBXSourcesBuildPhase section */

/* Begin PBXTargetDependency section */
		B955AB322C82FE6E003F1383 /* PBXTargetDependency */ = {
			isa = PBXTargetDependency;
			target = B955AB192C82FE6D003F1383 /* DiApp */;
			targetProxy = B955AB312C82FE6E003F1383 /* PBXContainerItemProxy */;
		};
		B955AB3C2C82FE6E003F1383 /* PBXTargetDependency */ = {
			isa = PBXTargetDependency;
			target = B955AB192C82FE6D003F1383 /* DiApp */;
			targetProxy = B955AB3B2C82FE6E003F1383 /* PBXContainerItemProxy */;
		};
/* End PBXTargetDependency section */

/* Begin PBXVariantGroup section */
		B955AB232C82FE6D003F1383 /* FirstLaunch.storyboard */ = {
			isa = PBXVariantGroup;
			children = (
				B955AB242C82FE6D003F1383 /* Base */,
			);
			name = FirstLaunch.storyboard;
			sourceTree = "<group>";
		};
		B955AB282C82FE6D003F1383 /* LaunchScreen.storyboard */ = {
			isa = PBXVariantGroup;
			children = (
				B955AB292C82FE6D003F1383 /* Base */,
			);
			name = LaunchScreen.storyboard;
			sourceTree = "<group>";
		};
/* End PBXVariantGroup section */

/* Begin XCBuildConfiguration section */
		B955AB422C82FE6E003F1383 /* Debug */ = {
			isa = XCBuildConfiguration;
			buildSettings = {
				ALWAYS_SEARCH_USER_PATHS = NO;
				ASSETCATALOG_COMPILER_GENERATE_SWIFT_ASSET_SYMBOL_EXTENSIONS = YES;
				CLANG_ANALYZER_NONNULL = YES;
				CLANG_ANALYZER_NUMBER_OBJECT_CONVERSION = YES_AGGRESSIVE;
				CLANG_CXX_LANGUAGE_STANDARD = "gnu++20";
				CLANG_ENABLE_MODULES = YES;
				CLANG_ENABLE_OBJC_ARC = YES;
				CLANG_ENABLE_OBJC_WEAK = YES;
				CLANG_WARN_BLOCK_CAPTURE_AUTORELEASING = YES;
				CLANG_WARN_BOOL_CONVERSION = YES;
				CLANG_WARN_COMMA = YES;
				CLANG_WARN_CONSTANT_CONVERSION = YES;
				CLANG_WARN_DEPRECATED_OBJC_IMPLEMENTATIONS = YES;
				CLANG_WARN_DIRECT_OBJC_ISA_USAGE = YES_ERROR;
				CLANG_WARN_DOCUMENTATION_COMMENTS = YES;
				CLANG_WARN_EMPTY_BODY = YES;
				CLANG_WARN_ENUM_CONVERSION = YES;
				CLANG_WARN_INFINITE_RECURSION = YES;
				CLANG_WARN_INT_CONVERSION = YES;
				CLANG_WARN_NON_LITERAL_NULL_CONVERSION = YES;
				CLANG_WARN_OBJC_IMPLICIT_RETAIN_SELF = YES;
				CLANG_WARN_OBJC_LITERAL_CONVERSION = YES;
				CLANG_WARN_OBJC_ROOT_CLASS = YES_ERROR;
				CLANG_WARN_QUOTED_INCLUDE_IN_FRAMEWORK_HEADER = YES;
				CLANG_WARN_RANGE_LOOP_ANALYSIS = YES;
				CLANG_WARN_STRICT_PROTOTYPES = YES;
				CLANG_WARN_SUSPICIOUS_MOVE = YES;
				CLANG_WARN_UNGUARDED_AVAILABILITY = YES_AGGRESSIVE;
				CLANG_WARN_UNREACHABLE_CODE = YES;
				CLANG_WARN__DUPLICATE_METHOD_MATCH = YES;
				COPY_PHASE_STRIP = NO;
				DEBUG_INFORMATION_FORMAT = dwarf;
				ENABLE_STRICT_OBJC_MSGSEND = YES;
				ENABLE_TESTABILITY = YES;
				ENABLE_USER_SCRIPT_SANDBOXING = YES;
				GCC_C_LANGUAGE_STANDARD = gnu17;
				GCC_DYNAMIC_NO_PIC = NO;
				GCC_NO_COMMON_BLOCKS = YES;
				GCC_OPTIMIZATION_LEVEL = 0;
				GCC_PREPROCESSOR_DEFINITIONS = (
					"DEBUG=1",
					"$(inherited)",
				);
				GCC_WARN_64_TO_32_BIT_CONVERSION = YES;
				GCC_WARN_ABOUT_RETURN_TYPE = YES_ERROR;
				GCC_WARN_UNDECLARED_SELECTOR = YES;
				GCC_WARN_UNINITIALIZED_AUTOS = YES_AGGRESSIVE;
				GCC_WARN_UNUSED_FUNCTION = YES;
				GCC_WARN_UNUSED_VARIABLE = YES;
				IPHONEOS_DEPLOYMENT_TARGET = 17.4;
				LOCALIZATION_PREFERS_STRING_CATALOGS = YES;
				MTL_ENABLE_DEBUG_INFO = INCLUDE_SOURCE;
				MTL_FAST_MATH = YES;
				ONLY_ACTIVE_ARCH = YES;
				SDKROOT = iphoneos;
				SWIFT_ACTIVE_COMPILATION_CONDITIONS = "DEBUG $(inherited)";
				SWIFT_OPTIMIZATION_LEVEL = "-Onone";
			};
			name = Debug;
		};
		B955AB432C82FE6E003F1383 /* Release */ = {
			isa = XCBuildConfiguration;
			buildSettings = {
				ALWAYS_SEARCH_USER_PATHS = NO;
				ASSETCATALOG_COMPILER_GENERATE_SWIFT_ASSET_SYMBOL_EXTENSIONS = YES;
				CLANG_ANALYZER_NONNULL = YES;
				CLANG_ANALYZER_NUMBER_OBJECT_CONVERSION = YES_AGGRESSIVE;
				CLANG_CXX_LANGUAGE_STANDARD = "gnu++20";
				CLANG_ENABLE_MODULES = YES;
				CLANG_ENABLE_OBJC_ARC = YES;
				CLANG_ENABLE_OBJC_WEAK = YES;
				CLANG_WARN_BLOCK_CAPTURE_AUTORELEASING = YES;
				CLANG_WARN_BOOL_CONVERSION = YES;
				CLANG_WARN_COMMA = YES;
				CLANG_WARN_CONSTANT_CONVERSION = YES;
				CLANG_WARN_DEPRECATED_OBJC_IMPLEMENTATIONS = YES;
				CLANG_WARN_DIRECT_OBJC_ISA_USAGE = YES_ERROR;
				CLANG_WARN_DOCUMENTATION_COMMENTS = YES;
				CLANG_WARN_EMPTY_BODY = YES;
				CLANG_WARN_ENUM_CONVERSION = YES;
				CLANG_WARN_INFINITE_RECURSION = YES;
				CLANG_WARN_INT_CONVERSION = YES;
				CLANG_WARN_NON_LITERAL_NULL_CONVERSION = YES;
				CLANG_WARN_OBJC_IMPLICIT_RETAIN_SELF = YES;
				CLANG_WARN_OBJC_LITERAL_CONVERSION = YES;
				CLANG_WARN_OBJC_ROOT_CLASS = YES_ERROR;
				CLANG_WARN_QUOTED_INCLUDE_IN_FRAMEWORK_HEADER = YES;
				CLANG_WARN_RANGE_LOOP_ANALYSIS = YES;
				CLANG_WARN_STRICT_PROTOTYPES = YES;
				CLANG_WARN_SUSPICIOUS_MOVE = YES;
				CLANG_WARN_UNGUARDED_AVAILABILITY = YES_AGGRESSIVE;
				CLANG_WARN_UNREACHABLE_CODE = YES;
				CLANG_WARN__DUPLICATE_METHOD_MATCH = YES;
				COPY_PHASE_STRIP = NO;
				DEBUG_INFORMATION_FORMAT = "dwarf-with-dsym";
				ENABLE_NS_ASSERTIONS = NO;
				ENABLE_STRICT_OBJC_MSGSEND = YES;
				ENABLE_USER_SCRIPT_SANDBOXING = YES;
				GCC_C_LANGUAGE_STANDARD = gnu17;
				GCC_NO_COMMON_BLOCKS = YES;
				GCC_WARN_64_TO_32_BIT_CONVERSION = YES;
				GCC_WARN_ABOUT_RETURN_TYPE = YES_ERROR;
				GCC_WARN_UNDECLARED_SELECTOR = YES;
				GCC_WARN_UNINITIALIZED_AUTOS = YES_AGGRESSIVE;
				GCC_WARN_UNUSED_FUNCTION = YES;
				GCC_WARN_UNUSED_VARIABLE = YES;
				IPHONEOS_DEPLOYMENT_TARGET = 17.4;
				LOCALIZATION_PREFERS_STRING_CATALOGS = YES;
				MTL_ENABLE_DEBUG_INFO = NO;
				MTL_FAST_MATH = YES;
				SDKROOT = iphoneos;
				SWIFT_COMPILATION_MODE = wholemodule;
				VALIDATE_PRODUCT = YES;
			};
			name = Release;
		};
		B955AB452C82FE6E003F1383 /* Debug */ = {
			isa = XCBuildConfiguration;
			buildSettings = {
				ASSETCATALOG_COMPILER_APPICON_NAME = AppIcon;
				ASSETCATALOG_COMPILER_GLOBAL_ACCENT_COLOR_NAME = AccentColor;
				CODE_SIGN_STYLE = Automatic;
				CURRENT_PROJECT_VERSION = 1;
				GENERATE_INFOPLIST_FILE = YES;
				INFOPLIST_FILE = DiApp/Info.plist;
				INFOPLIST_KEY_UIApplicationSupportsIndirectInputEvents = YES;
				INFOPLIST_KEY_UILaunchStoryboardName = LaunchScreen;
				INFOPLIST_KEY_UIMainStoryboardFile = FirstLaunch;
				INFOPLIST_KEY_UISupportedInterfaceOrientations_iPad = "UIInterfaceOrientationPortrait UIInterfaceOrientationPortraitUpsideDown UIInterfaceOrientationLandscapeLeft UIInterfaceOrientationLandscapeRight";
				INFOPLIST_KEY_UISupportedInterfaceOrientations_iPhone = "UIInterfaceOrientationPortrait UIInterfaceOrientationLandscapeLeft UIInterfaceOrientationLandscapeRight";
				LD_RUNPATH_SEARCH_PATHS = (
					"$(inherited)",
					"@executable_path/Frameworks",
				);
				MARKETING_VERSION = 1.0;
				PRODUCT_BUNDLE_IDENTIFIER = diapp0227.DiApp;
				PRODUCT_NAME = "$(TARGET_NAME)";
				SWIFT_EMIT_LOC_STRINGS = YES;
				SWIFT_VERSION = 5.0;
				TARGETED_DEVICE_FAMILY = "1,2";
			};
			name = Debug;
		};
		B955AB462C82FE6E003F1383 /* Release */ = {
			isa = XCBuildConfiguration;
			buildSettings = {
				ASSETCATALOG_COMPILER_APPICON_NAME = AppIcon;
				ASSETCATALOG_COMPILER_GLOBAL_ACCENT_COLOR_NAME = AccentColor;
				CODE_SIGN_STYLE = Automatic;
				CURRENT_PROJECT_VERSION = 1;
				GENERATE_INFOPLIST_FILE = YES;
				INFOPLIST_FILE = DiApp/Info.plist;
				INFOPLIST_KEY_UIApplicationSupportsIndirectInputEvents = YES;
				INFOPLIST_KEY_UILaunchStoryboardName = LaunchScreen;
				INFOPLIST_KEY_UIMainStoryboardFile = FirstLaunch;
				INFOPLIST_KEY_UISupportedInterfaceOrientations_iPad = "UIInterfaceOrientationPortrait UIInterfaceOrientationPortraitUpsideDown UIInterfaceOrientationLandscapeLeft UIInterfaceOrientationLandscapeRight";
				INFOPLIST_KEY_UISupportedInterfaceOrientations_iPhone = "UIInterfaceOrientationPortrait UIInterfaceOrientationLandscapeLeft UIInterfaceOrientationLandscapeRight";
				LD_RUNPATH_SEARCH_PATHS = (
					"$(inherited)",
					"@executable_path/Frameworks",
				);
				MARKETING_VERSION = 1.0;
				PRODUCT_BUNDLE_IDENTIFIER = diapp0227.DiApp;
				PRODUCT_NAME = "$(TARGET_NAME)";
				SWIFT_EMIT_LOC_STRINGS = YES;
				SWIFT_VERSION = 5.0;
				TARGETED_DEVICE_FAMILY = "1,2";
			};
			name = Release;
		};
		B955AB482C82FE6E003F1383 /* Debug */ = {
			isa = XCBuildConfiguration;
			buildSettings = {
				ALWAYS_EMBED_SWIFT_STANDARD_LIBRARIES = YES;
				BUNDLE_LOADER = "$(TEST_HOST)";
				CODE_SIGN_STYLE = Automatic;
				CURRENT_PROJECT_VERSION = 1;
				GENERATE_INFOPLIST_FILE = YES;
				IPHONEOS_DEPLOYMENT_TARGET = 17.4;
				MARKETING_VERSION = 1.0;
				PRODUCT_BUNDLE_IDENTIFIER = diapp0227.DiAppTests;
				PRODUCT_NAME = "$(TARGET_NAME)";
				SWIFT_EMIT_LOC_STRINGS = NO;
				SWIFT_VERSION = 5.0;
				TARGETED_DEVICE_FAMILY = "1,2";
				TEST_HOST = "$(BUILT_PRODUCTS_DIR)/DiApp.app/$(BUNDLE_EXECUTABLE_FOLDER_PATH)/DiApp";
			};
			name = Debug;
		};
		B955AB492C82FE6E003F1383 /* Release */ = {
			isa = XCBuildConfiguration;
			buildSettings = {
				ALWAYS_EMBED_SWIFT_STANDARD_LIBRARIES = YES;
				BUNDLE_LOADER = "$(TEST_HOST)";
				CODE_SIGN_STYLE = Automatic;
				CURRENT_PROJECT_VERSION = 1;
				GENERATE_INFOPLIST_FILE = YES;
				IPHONEOS_DEPLOYMENT_TARGET = 17.4;
				MARKETING_VERSION = 1.0;
				PRODUCT_BUNDLE_IDENTIFIER = diapp0227.DiAppTests;
				PRODUCT_NAME = "$(TARGET_NAME)";
				SWIFT_EMIT_LOC_STRINGS = NO;
				SWIFT_VERSION = 5.0;
				TARGETED_DEVICE_FAMILY = "1,2";
				TEST_HOST = "$(BUILT_PRODUCTS_DIR)/DiApp.app/$(BUNDLE_EXECUTABLE_FOLDER_PATH)/DiApp";
			};
			name = Release;
		};
		B955AB4B2C82FE6E003F1383 /* Debug */ = {
			isa = XCBuildConfiguration;
			buildSettings = {
				ALWAYS_EMBED_SWIFT_STANDARD_LIBRARIES = YES;
				CODE_SIGN_STYLE = Automatic;
				CURRENT_PROJECT_VERSION = 1;
				GENERATE_INFOPLIST_FILE = YES;
				MARKETING_VERSION = 1.0;
				PRODUCT_BUNDLE_IDENTIFIER = diapp0227.DiAppUITests;
				PRODUCT_NAME = "$(TARGET_NAME)";
				SWIFT_EMIT_LOC_STRINGS = NO;
				SWIFT_VERSION = 5.0;
				TARGETED_DEVICE_FAMILY = "1,2";
				TEST_TARGET_NAME = DiApp;
			};
			name = Debug;
		};
		B955AB4C2C82FE6E003F1383 /* Release */ = {
			isa = XCBuildConfiguration;
			buildSettings = {
				ALWAYS_EMBED_SWIFT_STANDARD_LIBRARIES = YES;
				CODE_SIGN_STYLE = Automatic;
				CURRENT_PROJECT_VERSION = 1;
				GENERATE_INFOPLIST_FILE = YES;
				MARKETING_VERSION = 1.0;
				PRODUCT_BUNDLE_IDENTIFIER = diapp0227.DiAppUITests;
				PRODUCT_NAME = "$(TARGET_NAME)";
				SWIFT_EMIT_LOC_STRINGS = NO;
				SWIFT_VERSION = 5.0;
				TARGETED_DEVICE_FAMILY = "1,2";
				TEST_TARGET_NAME = DiApp;
			};
			name = Release;
		};
/* End XCBuildConfiguration section */

/* Begin XCConfigurationList section */
		B955AB152C82FE6D003F1383 /* Build configuration list for PBXProject "DiApp" */ = {
			isa = XCConfigurationList;
			buildConfigurations = (
				B955AB422C82FE6E003F1383 /* Debug */,
				B955AB432C82FE6E003F1383 /* Release */,
			);
			defaultConfigurationIsVisible = 0;
			defaultConfigurationName = Release;
		};
		B955AB442C82FE6E003F1383 /* Build configuration list for PBXNativeTarget "DiApp" */ = {
			isa = XCConfigurationList;
			buildConfigurations = (
				B955AB452C82FE6E003F1383 /* Debug */,
				B955AB462C82FE6E003F1383 /* Release */,
			);
			defaultConfigurationIsVisible = 0;
			defaultConfigurationName = Release;
		};
		B955AB472C82FE6E003F1383 /* Build configuration list for PBXNativeTarget "DiAppTests" */ = {
			isa = XCConfigurationList;
			buildConfigurations = (
				B955AB482C82FE6E003F1383 /* Debug */,
				B955AB492C82FE6E003F1383 /* Release */,
			);
			defaultConfigurationIsVisible = 0;
			defaultConfigurationName = Release;
		};
		B955AB4A2C82FE6E003F1383 /* Build configuration list for PBXNativeTarget "DiAppUITests" */ = {
			isa = XCConfigurationList;
			buildConfigurations = (
				B955AB4B2C82FE6E003F1383 /* Debug */,
				B955AB4C2C82FE6E003F1383 /* Release */,
			);
			defaultConfigurationIsVisible = 0;
			defaultConfigurationName = Release;
		};
/* End XCConfigurationList section */

/* Begin XCVersionGroup section */
		B917B55F2C8F4C1400193955 /* CoreDataModel.xcdatamodeld */ = {
			isa = XCVersionGroup;
			children = (
				B917B57D2CA80F1D00193955 /* CoreDataModel 2.xcdatamodel */,
				B917B5602C8F4C1400193955 /* CoreDataModel.xcdatamodel */,
			);
			currentVersion = B917B5602C8F4C1400193955 /* CoreDataModel.xcdatamodel */;
			name = CoreDataModel.xcdatamodeld;
			path = /Users/garigari0118/Desktop/work/Swift/DiApp/DiApp/CoreDataModel.xcdatamodeld;
			sourceTree = "<group>";
			versionGroupType = wrapper.xcdatamodel;
		};
/* End XCVersionGroup section */
	};
	rootObject = B955AB122C82FE6D003F1383 /* Project object */;
}
